
Microsoft Visual Studio Solution File, Format Version 12.00
# Visual Studio Version 17
VisualStudioVersion = 17.9.34622.214
MinimumVisualStudioVersion = 10.0.40219.1
Project("{FAE04EC0-301F-11D3-BF4B-00C04F79EFBC}") = "WinFormsApp", "WinFormsApp\WinFormsApp.csproj", "{AEC76EEA-175F-45E8-A9E0-0EF12C811EC8}"
EndProject
Global
	GlobalSection(SolutionConfigurationPlatforms) = preSolution
		Debug|Any CPU = Debug|Any CPU
		Release|Any CPU = Release|Any CPU
	EndGlobalSection
	GlobalSection(ProjectConfigurationPlatforms) = postSolution
		{AEC76EEA-175F-45E8-A9E0-0EF12C811EC8}.Debug|Any CPU.ActiveCfg = Debug|Any CPU
		{AEC76EEA-175F-45E8-A9E0-0EF12C811EC8}.Debug|Any CPU.Build.0 = Debug|Any CPU
		{AEC76EEA-175F-45E8-A9E0-0EF12C811EC8}.Release|Any CPU.ActiveCfg = Release|Any CPU
		{AEC76EEA-175F-45E8-A9E0-0EF12C811EC8}.Release|Any CPU.Build.0 = Release|Any CPU
	EndGlobalSection
	GlobalSection(SolutionProperties) = preSolution
		HideSolutionNode = FALSE
	EndGlobalSection
	GlobalSection(ExtensibilityGlobals) = postSolution
		SolutionGuid = {D6D4CA75-7F66-4A1E-AD8C-0B79999D245F}
	EndGlobalSection
EndGlobal
